
Microsoft Visual Studio Solution File, Format Version 12.00
# Visual Studio Version 16
VisualStudioVersion = 16.0.31019.35
MinimumVisualStudioVersion = 10.0.40219.1
Project("{FAE04EC0-301F-11D3-BF4B-00C04F79EFBC}") = "RE8HPViewer", "RE8HPViewer.csproj", "{2ADC90B4-72C1-48D6-AF6E-F647CD09C911}"
EndProject
Project("{9A19103F-16F7-4668-BE54-9A1E7A4F7556}") = "SRTPluginProviderRE8", "..\SRTPluginProviderRE8\SRTPluginProviderRE8\SRTPluginProviderRE8.csproj", "{DB3EBFF3-9EF9-4EF6-B278-C0B30DF0974C}"
EndProject
Project("{9A19103F-16F7-4668-BE54-9A1E7A4F7556}") = "ProcessMemory", "..\ProcessMemory\ProcessMemory\ProcessMemory.csproj", "{DFE1ADE9-328C-4035-9C82-7771E9E565D5}"
EndProject
Project("{9A19103F-16F7-4668-BE54-9A1E7A4F7556}") = "SRTHost", "..\SRTHost\SRTHost\SRTHost.csproj", "{85B2A85E-6829-4160-8C16-284A2F4148DB}"
EndProject
Global
	GlobalSection(SolutionConfigurationPlatforms) = preSolution
		Debug|Any CPU = Debug|Any CPU
		Debug|x64 = Debug|x64
		Debug|x86 = Debug|x86
		Release|Any CPU = Release|Any CPU
		Release|x64 = Release|x64
		Release|x86 = Release|x86
	EndGlobalSection
	GlobalSection(ProjectConfigurationPlatforms) = postSolution
		{2ADC90B4-72C1-48D6-AF6E-F647CD09C911}.Debug|Any CPU.ActiveCfg = Debug|Any CPU
		{2ADC90B4-72C1-48D6-AF6E-F647CD09C911}.Debug|Any CPU.Build.0 = Debug|Any CPU
		{2ADC90B4-72C1-48D6-AF6E-F647CD09C911}.Debug|x64.ActiveCfg = Debug|Any CPU
		{2ADC90B4-72C1-48D6-AF6E-F647CD09C911}.Debug|x64.Build.0 = Debug|Any CPU
		{2ADC90B4-72C1-48D6-AF6E-F647CD09C911}.Debug|x86.ActiveCfg = Debug|Any CPU
		{2ADC90B4-72C1-48D6-AF6E-F647CD09C911}.Debug|x86.Build.0 = Debug|Any CPU
		{2ADC90B4-72C1-48D6-AF6E-F647CD09C911}.Release|Any CPU.ActiveCfg = Release|Any CPU
		{2ADC90B4-72C1-48D6-AF6E-F647CD09C911}.Release|Any CPU.Build.0 = Release|Any CPU
		{2ADC90B4-72C1-48D6-AF6E-F647CD09C911}.Release|x64.ActiveCfg = Release|Any CPU
		{2ADC90B4-72C1-48D6-AF6E-F647CD09C911}.Release|x64.Build.0 = Release|Any CPU
		{2ADC90B4-72C1-48D6-AF6E-F647CD09C911}.Release|x86.ActiveCfg = Release|Any CPU
		{2ADC90B4-72C1-48D6-AF6E-F647CD09C911}.Release|x86.Build.0 = Release|Any CPU
		{DB3EBFF3-9EF9-4EF6-B278-C0B30DF0974C}.Debug|Any CPU.ActiveCfg = Debug|x64
		{DB3EBFF3-9EF9-4EF6-B278-C0B30DF0974C}.Debug|x64.ActiveCfg = Debug|x64
		{DB3EBFF3-9EF9-4EF6-B278-C0B30DF0974C}.Debug|x64.Build.0 = Debug|x64
		{DB3EBFF3-9EF9-4EF6-B278-C0B30DF0974C}.Debug|x86.ActiveCfg = Debug|x64
		{DB3EBFF3-9EF9-4EF6-B278-C0B30DF0974C}.Release|Any CPU.ActiveCfg = Release|x64
		{DB3EBFF3-9EF9-4EF6-B278-C0B30DF0974C}.Release|x64.ActiveCfg = Release|x64
		{DB3EBFF3-9EF9-4EF6-B278-C0B30DF0974C}.Release|x64.Build.0 = Release|x64
		{DB3EBFF3-9EF9-4EF6-B278-C0B30DF0974C}.Release|x86.ActiveCfg = Release|x64
		{DFE1ADE9-328C-4035-9C82-7771E9E565D5}.Debug|Any CPU.ActiveCfg = Debug|x86
		{DFE1ADE9-328C-4035-9C82-7771E9E565D5}.Debug|x64.ActiveCfg = Debug|x64
		{DFE1ADE9-328C-4035-9C82-7771E9E565D5}.Debug|x64.Build.0 = Debug|x64
		{DFE1ADE9-328C-4035-9C82-7771E9E565D5}.Debug|x86.ActiveCfg = Debug|x86
		{DFE1ADE9-328C-4035-9C82-7771E9E565D5}.Debug|x86.Build.0 = Debug|x86
		{DFE1ADE9-328C-4035-9C82-7771E9E565D5}.Release|Any CPU.ActiveCfg = Release|x86
		{DFE1ADE9-328C-4035-9C82-7771E9E565D5}.Release|x64.ActiveCfg = Release|x64
		{DFE1ADE9-328C-4035-9C82-7771E9E565D5}.Release|x64.Build.0 = Release|x64
		{DFE1ADE9-328C-4035-9C82-7771E9E565D5}.Release|x86.ActiveCfg = Release|x86
		{DFE1ADE9-328C-4035-9C82-7771E9E565D5}.Release|x86.Build.0 = Release|x86
		{85B2A85E-6829-4160-8C16-284A2F4148DB}.Debug|Any CPU.ActiveCfg = Debug|x86
		{85B2A85E-6829-4160-8C16-284A2F4148DB}.Debug|x64.ActiveCfg = Debug|x64
		{85B2A85E-6829-4160-8C16-284A2F4148DB}.Debug|x64.Build.0 = Debug|x64
		{85B2A85E-6829-4160-8C16-284A2F4148DB}.Debug|x86.ActiveCfg = Debug|x86
		{85B2A85E-6829-4160-8C16-284A2F4148DB}.Debug|x86.Build.0 = Debug|x86
		{85B2A85E-6829-4160-8C16-284A2F4148DB}.Release|Any CPU.ActiveCfg = Release|x86
		{85B2A85E-6829-4160-8C16-284A2F4148DB}.Release|x64.ActiveCfg = Release|x64
		{85B2A85E-6829-4160-8C16-284A2F4148DB}.Release|x64.Build.0 = Release|x64
		{85B2A85E-6829-4160-8C16-284A2F4148DB}.Release|x86.ActiveCfg = Release|x86
		{85B2A85E-6829-4160-8C16-284A2F4148DB}.Release|x86.Build.0 = Release|x86
	EndGlobalSection
	GlobalSection(SolutionProperties) = preSolution
		HideSolutionNode = FALSE
	EndGlobalSection
	GlobalSection(ExtensibilityGlobals) = postSolution
		SolutionGuid = {84FF1411-9DBB-4CDA-B8F2-7CB3640A20F1}
	EndGlobalSection
EndGlobal
